
Microsoft Visual Studio Solution File, Format Version 12.00
# Visual Studio Version 17
VisualStudioVersion = 17.4.33213.308
MinimumVisualStudioVersion = 10.0.40219.1
Project("{FAE04EC0-301F-11D3-BF4B-00C04F79EFBC}") = "MVC", "MVC\MVC.csproj", "{FD01CE53-62CA-4B8F-A949-EAAFB0906CCA}"
EndProject
Global
	GlobalSection(SolutionConfigurationPlatforms) = preSolution
		Debug|Any CPU = Debug|Any CPU
		Release|Any CPU = Release|Any CPU
	EndGlobalSection
	GlobalSection(ProjectConfigurationPlatforms) = postSolution
		{FD01CE53-62CA-4B8F-A949-EAAFB0906CCA}.Debug|Any CPU.ActiveCfg = Debug|Any CPU
		{FD01CE53-62CA-4B8F-A949-EAAFB0906CCA}.Debug|Any CPU.Build.0 = Debug|Any CPU
		{FD01CE53-62CA-4B8F-A949-EAAFB0906CCA}.Release|Any CPU.ActiveCfg = Release|Any CPU
		{FD01CE53-62CA-4B8F-A949-EAAFB0906CCA}.Release|Any CPU.Build.0 = Release|Any CPU
	EndGlobalSection
	GlobalSection(SolutionProperties) = preSolution
		HideSolutionNode = FALSE
	EndGlobalSection
	GlobalSection(ExtensibilityGlobals) = postSolution
		SolutionGuid = {2A8E450E-3BD0-479D-AA0B-901D59EDAFBC}
	EndGlobalSection
EndGlobal
